
Microsoft Visual Studio Solution File, Format Version 12.00
# Visual Studio Version 17
VisualStudioVersion = 17.3.32825.248
MinimumVisualStudioVersion = 10.0.40219.1
Project("{9A19103F-16F7-4668-BE54-9A1E7A4F7556}") = "Server", "Server\Server.csproj", "{E19CABF2-9772-45EE-8688-61442E2E0F36}"
EndProject
Project("{9A19103F-16F7-4668-BE54-9A1E7A4F7556}") = "Domain", "Domain\Domain.csproj", "{68557928-650F-4D15-9AE7-08D418087248}"
EndProject
Project("{9A19103F-16F7-4668-BE54-9A1E7A4F7556}") = "Application", "Application\Application.csproj", "{D58C2CBF-641C-4A15-BE7A-F0B56A56BEC3}"
	ProjectSection(ProjectDependencies) = postProject
		{68557928-650F-4D15-9AE7-08D418087248} = {68557928-650F-4D15-9AE7-08D418087248}
	EndProjectSection
EndProject
Project("{9A19103F-16F7-4668-BE54-9A1E7A4F7556}") = "Infrastructure", "Infrastructure\Infrastructure.csproj", "{E81D6305-64A0-4096-A248-E1FA0B51D34D}"
EndProject
Project("{9A19103F-16F7-4668-BE54-9A1E7A4F7556}") = "Infrastructure.DAL", "Infrastructure.DAL\Infrastructure.DAL.csproj", "{261DB587-649C-400E-9174-00DDEB67FD61}"
EndProject
Project("{9A19103F-16F7-4668-BE54-9A1E7A4F7556}") = "UnitTests", "UnitTests\UnitTests.csproj", "{239CEFA9-BB4B-49B2-A38E-33CEFF1A082D}"
	ProjectSection(ProjectDependencies) = postProject
		{68557928-650F-4D15-9AE7-08D418087248} = {68557928-650F-4D15-9AE7-08D418087248}
		{D58C2CBF-641C-4A15-BE7A-F0B56A56BEC3} = {D58C2CBF-641C-4A15-BE7A-F0B56A56BEC3}
		{E81D6305-64A0-4096-A248-E1FA0B51D34D} = {E81D6305-64A0-4096-A248-E1FA0B51D34D}
	EndProjectSection
EndProject
Project("{9A19103F-16F7-4668-BE54-9A1E7A4F7556}") = "IntegrationTests", "IntegrationTests\IntegrationTests.csproj", "{79D7647C-631F-482D-8986-5EBAF744D500}"
	ProjectSection(ProjectDependencies) = postProject
		{261DB587-649C-400E-9174-00DDEB67FD61} = {261DB587-649C-400E-9174-00DDEB67FD61}
		{E19CABF2-9772-45EE-8688-61442E2E0F36} = {E19CABF2-9772-45EE-8688-61442E2E0F36}
		{E81D6305-64A0-4096-A248-E1FA0B51D34D} = {E81D6305-64A0-4096-A248-E1FA0B51D34D}
	EndProjectSection
EndProject
Project("{E53339B2-1760-4266-BCC7-CA923CBCF16C}") = "docker-compose", "docker-compose.dcproj", "{2C497A0C-D37C-4006-9EDE-5125BB210DC1}"
EndProject
Global
	GlobalSection(SolutionConfigurationPlatforms) = preSolution
		Debug|Any CPU = Debug|Any CPU
		Release|Any CPU = Release|Any CPU
	EndGlobalSection
	GlobalSection(ProjectConfigurationPlatforms) = postSolution
		{E19CABF2-9772-45EE-8688-61442E2E0F36}.Debug|Any CPU.ActiveCfg = Debug|Any CPU
		{E19CABF2-9772-45EE-8688-61442E2E0F36}.Debug|Any CPU.Build.0 = Debug|Any CPU
		{E19CABF2-9772-45EE-8688-61442E2E0F36}.Release|Any CPU.ActiveCfg = Release|Any CPU
		{E19CABF2-9772-45EE-8688-61442E2E0F36}.Release|Any CPU.Build.0 = Release|Any CPU
		{68557928-650F-4D15-9AE7-08D418087248}.Debug|Any CPU.ActiveCfg = Debug|Any CPU
		{68557928-650F-4D15-9AE7-08D418087248}.Debug|Any CPU.Build.0 = Debug|Any CPU
		{68557928-650F-4D15-9AE7-08D418087248}.Release|Any CPU.ActiveCfg = Release|Any CPU
		{68557928-650F-4D15-9AE7-08D418087248}.Release|Any CPU.Build.0 = Release|Any CPU
		{D58C2CBF-641C-4A15-BE7A-F0B56A56BEC3}.Debug|Any CPU.ActiveCfg = Debug|Any CPU
		{D58C2CBF-641C-4A15-BE7A-F0B56A56BEC3}.Debug|Any CPU.Build.0 = Debug|Any CPU
		{D58C2CBF-641C-4A15-BE7A-F0B56A56BEC3}.Release|Any CPU.ActiveCfg = Release|Any CPU
		{D58C2CBF-641C-4A15-BE7A-F0B56A56BEC3}.Release|Any CPU.Build.0 = Release|Any CPU
		{E81D6305-64A0-4096-A248-E1FA0B51D34D}.Debug|Any CPU.ActiveCfg = Debug|Any CPU
		{E81D6305-64A0-4096-A248-E1FA0B51D34D}.Debug|Any CPU.Build.0 = Debug|Any CPU
		{E81D6305-64A0-4096-A248-E1FA0B51D34D}.Release|Any CPU.ActiveCfg = Release|Any CPU
		{E81D6305-64A0-4096-A248-E1FA0B51D34D}.Release|Any CPU.Build.0 = Release|Any CPU
		{261DB587-649C-400E-9174-00DDEB67FD61}.Debug|Any CPU.ActiveCfg = Debug|Any CPU
		{261DB587-649C-400E-9174-00DDEB67FD61}.Debug|Any CPU.Build.0 = Debug|Any CPU
		{261DB587-649C-400E-9174-00DDEB67FD61}.Release|Any CPU.ActiveCfg = Release|Any CPU
		{261DB587-649C-400E-9174-00DDEB67FD61}.Release|Any CPU.Build.0 = Release|Any CPU
		{239CEFA9-BB4B-49B2-A38E-33CEFF1A082D}.Debug|Any CPU.ActiveCfg = Debug|Any CPU
		{239CEFA9-BB4B-49B2-A38E-33CEFF1A082D}.Debug|Any CPU.Build.0 = Debug|Any CPU
		{239CEFA9-BB4B-49B2-A38E-33CEFF1A082D}.Release|Any CPU.ActiveCfg = Release|Any CPU
		{239CEFA9-BB4B-49B2-A38E-33CEFF1A082D}.Release|Any CPU.Build.0 = Release|Any CPU
		{79D7647C-631F-482D-8986-5EBAF744D500}.Debug|Any CPU.ActiveCfg = Debug|Any CPU
		{79D7647C-631F-482D-8986-5EBAF744D500}.Debug|Any CPU.Build.0 = Debug|Any CPU
		{79D7647C-631F-482D-8986-5EBAF744D500}.Release|Any CPU.ActiveCfg = Release|Any CPU
		{79D7647C-631F-482D-8986-5EBAF744D500}.Release|Any CPU.Build.0 = Release|Any CPU
		{2C497A0C-D37C-4006-9EDE-5125BB210DC1}.Debug|Any CPU.ActiveCfg = Debug|Any CPU
		{2C497A0C-D37C-4006-9EDE-5125BB210DC1}.Debug|Any CPU.Build.0 = Debug|Any CPU
		{2C497A0C-D37C-4006-9EDE-5125BB210DC1}.Release|Any CPU.ActiveCfg = Release|Any CPU
		{2C497A0C-D37C-4006-9EDE-5125BB210DC1}.Release|Any CPU.Build.0 = Release|Any CPU
	EndGlobalSection
	GlobalSection(SolutionProperties) = preSolution
		HideSolutionNode = FALSE
	EndGlobalSection
	GlobalSection(ExtensibilityGlobals) = postSolution
		SolutionGuid = {561204F3-8912-44AA-A1D9-1F7F08B4F3F4}
	EndGlobalSection
EndGlobal
